
Microsoft Visual Studio Solution File, Format Version 12.00
# Visual Studio Version 17
VisualStudioVersion = 17.3.32901.215
MinimumVisualStudioVersion = 10.0.40219.1
Project("{FAE04EC0-301F-11D3-BF4B-00C04F79EFBC}") = "01_SocketUDP_Client", "01_SocketUDP_Client\01_SocketUDP_Client.csproj", "{391D8B8A-39E4-4498-94EA-2F3943A9B1ED}"
EndProject
Global
	GlobalSection(SolutionConfigurationPlatforms) = preSolution
		Debug|Any CPU = Debug|Any CPU
		Release|Any CPU = Release|Any CPU
	EndGlobalSection
	GlobalSection(ProjectConfigurationPlatforms) = postSolution
		{391D8B8A-39E4-4498-94EA-2F3943A9B1ED}.Debug|Any CPU.ActiveCfg = Debug|Any CPU
		{391D8B8A-39E4-4498-94EA-2F3943A9B1ED}.Debug|Any CPU.Build.0 = Debug|Any CPU
		{391D8B8A-39E4-4498-94EA-2F3943A9B1ED}.Release|Any CPU.ActiveCfg = Release|Any CPU
		{391D8B8A-39E4-4498-94EA-2F3943A9B1ED}.Release|Any CPU.Build.0 = Release|Any CPU
	EndGlobalSection
	GlobalSection(SolutionProperties) = preSolution
		HideSolutionNode = FALSE
	EndGlobalSection
	GlobalSection(ExtensibilityGlobals) = postSolution
		SolutionGuid = {933E79AF-1483-4C97-B0C2-3E5D8ED096DF}
	EndGlobalSection
EndGlobal
